
Microsoft Visual Studio Solution File, Format Version 12.00
# Visual Studio Version 17
VisualStudioVersion = 17.8.34330.188
MinimumVisualStudioVersion = 10.0.40219.1
Project("{FAE04EC0-301F-11D3-BF4B-00C04F79EFBC}") = "HRMApp", "HRMApp\HRMApp.csproj", "{272AA5E4-7C60-4478-B9EA-430AD1C984F5}"
EndProject
Global
	GlobalSection(SolutionConfigurationPlatforms) = preSolution
		Debug|Any CPU = Debug|Any CPU
		Release|Any CPU = Release|Any CPU
	EndGlobalSection
	GlobalSection(ProjectConfigurationPlatforms) = postSolution
		{272AA5E4-7C60-4478-B9EA-430AD1C984F5}.Debug|Any CPU.ActiveCfg = Debug|Any CPU
		{272AA5E4-7C60-4478-B9EA-430AD1C984F5}.Debug|Any CPU.Build.0 = Debug|Any CPU
		{272AA5E4-7C60-4478-B9EA-430AD1C984F5}.Release|Any CPU.ActiveCfg = Release|Any CPU
		{272AA5E4-7C60-4478-B9EA-430AD1C984F5}.Release|Any CPU.Build.0 = Release|Any CPU
	EndGlobalSection
	GlobalSection(SolutionProperties) = preSolution
		HideSolutionNode = FALSE
	EndGlobalSection
	GlobalSection(ExtensibilityGlobals) = postSolution
		SolutionGuid = {27867E69-74A8-4C20-8910-342C27643075}
	EndGlobalSection
EndGlobal
